
Microsoft Visual Studio Solution File, Format Version 12.00
# Visual Studio Version 16
VisualStudioVersion = 16.0.33927.289
MinimumVisualStudioVersion = 10.0.40219.1
Project("{9A19103F-16F7-4668-BE54-9A1E7A4F7556}") = "caipuguanli", "caipuguanli.csproj", "{39D0E2DB-D85C-4601-BE0D-9317CC07BBA1}"
EndProject
Global
	GlobalSection(SolutionConfigurationPlatforms) = preSolution
		Debug|Any CPU = Debug|Any CPU
		Release|Any CPU = Release|Any CPU
	EndGlobalSection
	GlobalSection(ProjectConfigurationPlatforms) = postSolution
		{39D0E2DB-D85C-4601-BE0D-9317CC07BBA1}.Debug|Any CPU.ActiveCfg = Debug|Any CPU
		{39D0E2DB-D85C-4601-BE0D-9317CC07BBA1}.Debug|Any CPU.Build.0 = Debug|Any CPU
		{39D0E2DB-D85C-4601-BE0D-9317CC07BBA1}.Release|Any CPU.ActiveCfg = Release|Any CPU
		{39D0E2DB-D85C-4601-BE0D-9317CC07BBA1}.Release|Any CPU.Build.0 = Release|Any CPU
	EndGlobalSection
	GlobalSection(SolutionProperties) = preSolution
		HideSolutionNode = FALSE
	EndGlobalSection
	GlobalSection(ExtensibilityGlobals) = postSolution
		SolutionGuid = {4C42993F-90D2-4DE1-B326-B6672FD1CC9A}
	EndGlobalSection
EndGlobal
